// !$*UTF8*$!
{
	archiveVersion = 1;
	classes = {
	};
	objectVersion = 48;
	objects = {

/* Begin PBXBuildFile section */
		372CB262209C9B0F00F501E3 /* AppDelegate.swift in Sources */ = {isa = PBXBuildFile; fileRef = 372CB261209C9B0F00F501E3 /* AppDelegate.swift */; };
		372CB265209C9B2600F501E3 /* BoundingBox.swift in Sources */ = {isa = PBXBuildFile; fileRef = 372CB263209C9B2600F501E3 /* BoundingBox.swift */; };
		372CB266209C9B2600F501E3 /* Helpers.swift in Sources */ = {isa = PBXBuildFile; fileRef = 372CB264209C9B2600F501E3 /* Helpers.swift */; };
		7BA1C6D01EF27DA000BB25EF /* VideoCapture.swift in Sources */ = {isa = PBXBuildFile; fileRef = 7BC25FB51EF27C0D002ECBBA /* VideoCapture.swift */; };
		7BA1C6D21EF2827800BB25EF /* UIImage+CVPixelBuffer.swift in Sources */ = {isa = PBXBuildFile; fileRef = 7BA1C6D11EF2827500BB25EF /* UIImage+CVPixelBuffer.swift */; };
		7BA1C6D81EF2871600BB25EF /* YOLO.swift in Sources */ = {isa = PBXBuildFile; fileRef = 7BA1C6D71EF2871600BB25EF /* YOLO.swift */; };
		7BA1C6DA1EF2B30200BB25EF /* CVPixelBuffer+Helpers.swift in Sources */ = {isa = PBXBuildFile; fileRef = 7BA1C6D91EF2B30200BB25EF /* CVPixelBuffer+Helpers.swift */; };
		7BC25FA41EF1B7D1002ECBBA /* ViewController.swift in Sources */ = {isa = PBXBuildFile; fileRef = 7BC25FA31EF1B7D1002ECBBA /* ViewController.swift */; };
		7BC25FA71EF1B7D1002ECBBA /* Main.storyboard in Resources */ = {isa = PBXBuildFile; fileRef = 7BC25FA51EF1B7D1002ECBBA /* Main.storyboard */; };
		7BC25FA91EF1B7D1002ECBBA /* Assets.xcassets in Resources */ = {isa = PBXBuildFile; fileRef = 7BC25FA81EF1B7D1002ECBBA /* Assets.xcassets */; };
		BB8AAFE02488DB6000569CFD /* yolov4_ANPR.mlmodel in Sources */ = {isa = PBXBuildFile; fileRef = BB8AAFDF2488DB6000569CFD /* yolov4_ANPR.mlmodel */; };
		BB8AAFE22488DE5400569CFD /* Mish.swift in Sources */ = {isa = PBXBuildFile; fileRef = BB8AAFE12488DE5400569CFD /* Mish.swift */; };
		BB8AAFE42488DE8000569CFD /* Mish.metal in Sources */ = {isa = PBXBuildFile; fileRef = BB8AAFE32488DE8000569CFD /* Mish.metal */; };
/* End PBXBuildFile section */

/* Begin PBXFileReference section */
		372CB261209C9B0F00F501E3 /* AppDelegate.swift */ = {isa = PBXFileReference; fileEncoding = 4; lastKnownFileType = sourcecode.swift; path = AppDelegate.swift; sourceTree = "<group>"; };
		372CB263209C9B2600F501E3 /* BoundingBox.swift */ = {isa = PBXFileReference; fileEncoding = 4; lastKnownFileType = sourcecode.swift; path = BoundingBox.swift; sourceTree = "<group>"; };
		372CB264209C9B2600F501E3 /* Helpers.swift */ = {isa = PBXFileReference; fileEncoding = 4; lastKnownFileType = sourcecode.swift; path = Helpers.swift; sourceTree = "<group>"; };
		7BA1C6D11EF2827500BB25EF /* UIImage+CVPixelBuffer.swift */ = {isa = PBXFileReference; lastKnownFileType = sourcecode.swift; path = "UIImage+CVPixelBuffer.swift"; sourceTree = "<group>"; };
		7BA1C6D71EF2871600BB25EF /* YOLO.swift */ = {isa = PBXFileReference; lastKnownFileType = sourcecode.swift; path = YOLO.swift; sourceTree = "<group>"; };
		7BA1C6D91EF2B30200BB25EF /* CVPixelBuffer+Helpers.swift */ = {isa = PBXFileReference; lastKnownFileType = sourcecode.swift; path = "CVPixelBuffer+Helpers.swift"; sourceTree = "<group>"; };
		7BC25F9E1EF1B7D1002ECBBA /* YOLOv3-CoreML.app */ = {isa = PBXFileReference; explicitFileType = wrapper.application; includeInIndex = 0; path = "YOLOv3-CoreML.app"; sourceTree = BUILT_PRODUCTS_DIR; };
		7BC25FA31EF1B7D1002ECBBA /* ViewController.swift */ = {isa = PBXFileReference; lastKnownFileType = sourcecode.swift; path = ViewController.swift; sourceTree = "<group>"; };
		7BC25FA61EF1B7D1002ECBBA /* Base */ = {isa = PBXFileReference; lastKnownFileType = file.storyboard; name = Base; path = Base.lproj/Main.storyboard; sourceTree = "<group>"; };
		7BC25FA81EF1B7D1002ECBBA /* Assets.xcassets */ = {isa = PBXFileReference; lastKnownFileType = folder.assetcatalog; path = Assets.xcassets; sourceTree = "<group>"; };
		7BC25FAD1EF1B7D1002ECBBA /* Info.plist */ = {isa = PBXFileReference; lastKnownFileType = text.plist.xml; path = Info.plist; sourceTree = "<group>"; };
		7BC25FB51EF27C0D002ECBBA /* VideoCapture.swift */ = {isa = PBXFileReference; lastKnownFileType = sourcecode.swift; path = VideoCapture.swift; sourceTree = "<group>"; };
		BB8AAFDF2488DB6000569CFD /* yolov4_ANPR.mlmodel */ = {isa = PBXFileReference; lastKnownFileType = file.mlmodel; path = yolov4_ANPR.mlmodel; sourceTree = "<group>"; };
		BB8AAFE12488DE5400569CFD /* Mish.swift */ = {isa = PBXFileReference; lastKnownFileType = sourcecode.swift; path = Mish.swift; sourceTree = "<group>"; };
		BB8AAFE32488DE8000569CFD /* Mish.metal */ = {isa = PBXFileReference; lastKnownFileType = sourcecode.metal; path = Mish.metal; sourceTree = "<group>"; };
/* End PBXFileReference section */

/* Begin PBXFrameworksBuildPhase section */
		7BC25F9B1EF1B7D1002ECBBA /* Frameworks */ = {
			isa = PBXFrameworksBuildPhase;
			buildActionMask = 2147483647;
			files = (
			);
			runOnlyForDeploymentPostprocessing = 0;
		};
/* End PBXFrameworksBuildPhase section */

/* Begin PBXGroup section */
		7BC25F951EF1B7D1002ECBBA = {
			isa = PBXGroup;
			children = (
				7BC25FA01EF1B7D1002ECBBA /* YOLOv3-CoreML */,
				7BC25F9F1EF1B7D1002ECBBA /* Products */,
			);
			sourceTree = "<group>";
		};
		7BC25F9F1EF1B7D1002ECBBA /* Products */ = {
			isa = PBXGroup;
			children = (
				7BC25F9E1EF1B7D1002ECBBA /* YOLOv3-CoreML.app */,
			);
			name = Products;
			sourceTree = "<group>";
		};
		7BC25FA01EF1B7D1002ECBBA /* YOLOv3-CoreML */ = {
			isa = PBXGroup;
			children = (
				372CB263209C9B2600F501E3 /* BoundingBox.swift */,
				372CB264209C9B2600F501E3 /* Helpers.swift */,
				372CB261209C9B0F00F501E3 /* AppDelegate.swift */,
				7BC25FA81EF1B7D1002ECBBA /* Assets.xcassets */,
				7BA1C6D91EF2B30200BB25EF /* CVPixelBuffer+Helpers.swift */,
				7BC25FAD1EF1B7D1002ECBBA /* Info.plist */,
				7BC25FA51EF1B7D1002ECBBA /* Main.storyboard */,
				7BA1C6D11EF2827500BB25EF /* UIImage+CVPixelBuffer.swift */,
				7BC25FB51EF27C0D002ECBBA /* VideoCapture.swift */,
				7BC25FA31EF1B7D1002ECBBA /* ViewController.swift */,
				BB8AAFDF2488DB6000569CFD /* yolov4_ANPR.mlmodel */,
				7BA1C6D71EF2871600BB25EF /* YOLO.swift */,
				BB8AAFE12488DE5400569CFD /* Mish.swift */,
				BB8AAFE32488DE8000569CFD /* Mish.metal */,
			);
			path = "YOLOv3-CoreML";
			sourceTree = "<group>";
		};
/* End PBXGroup section */

/* Begin PBXNativeTarget section */
		7BC25F9D1EF1B7D1002ECBBA /* YOLOv3-CoreML */ = {
			isa = PBXNativeTarget;
			buildConfigurationList = 7BC25FB01EF1B7D1002ECBBA /* Build configuration list for PBXNativeTarget "YOLOv3-CoreML" */;
			buildPhases = (
				7BC25F9A1EF1B7D1002ECBBA /* Sources */,
				7BC25F9B1EF1B7D1002ECBBA /* Frameworks */,
				7BC25F9C1EF1B7D1002ECBBA /* Resources */,
			);
			buildRules = (
			);
			dependencies = (
			);
			name = "YOLOv3-CoreML";
			productName = "YOLOv3-CoreML";
			productReference = 7BC25F9E1EF1B7D1002ECBBA /* YOLOv3-CoreML.app */;
			productType = "com.apple.product-type.application";
		};
/* End PBXNativeTarget section */

/* Begin PBXProject section */
		7BC25F961EF1B7D1002ECBBA /* Project object */ = {
			isa = PBXProject;
			attributes = {
				LastSwiftUpdateCheck = 0900;
				LastUpgradeCheck = 1150;
				ORGANIZATIONNAME = MachineThink;
				TargetAttributes = {
					7BC25F9D1EF1B7D1002ECBBA = {
						CreatedOnToolsVersion = 9.0;
						ProvisioningStyle = Automatic;
					};
				};
			};
			buildConfigurationList = 7BC25F991EF1B7D1002ECBBA /* Build configuration list for PBXProject "YOLOv3-CoreML" */;
			compatibilityVersion = "Xcode 8.0";
			developmentRegion = en;
			hasScannedForEncodings = 0;
			knownRegions = (
				en,
				Base,
			);
			mainGroup = 7BC25F951EF1B7D1002ECBBA;
			productRefGroup = 7BC25F9F1EF1B7D1002ECBBA /* Products */;
			projectDirPath = "";
			projectRoot = "";
			targets = (
				7BC25F9D1EF1B7D1002ECBBA /* YOLOv3-CoreML */,
			);
		};
/* End PBXProject section */

/* Begin PBXResourcesBuildPhase section */
		7BC25F9C1EF1B7D1002ECBBA /* Resources */ = {
			isa = PBXResourcesBuildPhase;
			buildActionMask = 2147483647;
			files = (
				7BC25FA91EF1B7D1002ECBBA /* Assets.xcassets in Resources */,
				7BC25FA71EF1B7D1002ECBBA /* Main.storyboard in Resources */,
			);
			runOnlyForDeploymentPostprocessing = 0;
		};
/* End PBXResourcesBuildPhase section */

/* Begin PBXSourcesBuildPhase section */
		7BC25F9A1EF1B7D1002ECBBA /* Sources */ = {
			isa = PBXSourcesBuildPhase;
			buildActionMask = 2147483647;
			files = (
				7BA1C6D01EF27DA000BB25EF /* VideoCapture.swift in Sources */,
				BB8AAFE42488DE8000569CFD /* Mish.metal in Sources */,
				7BA1C6DA1EF2B30200BB25EF /* CVPixelBuffer+Helpers.swift in Sources */,
				BB8AAFE02488DB6000569CFD /* yolov4_ANPR.mlmodel in Sources */,
				372CB265209C9B2600F501E3 /* BoundingBox.swift in Sources */,
				372CB266209C9B2600F501E3 /* Helpers.swift in Sources */,
				372CB262209C9B0F00F501E3 /* AppDelegate.swift in Sources */,
				7BA1C6D21EF2827800BB25EF /* UIImage+CVPixelBuffer.swift in Sources */,
				7BC25FA41EF1B7D1002ECBBA /* ViewController.swift in Sources */,
				BB8AAFE22488DE5400569CFD /* Mish.swift in Sources */,
				7BA1C6D81EF2871600BB25EF /* YOLO.swift in Sources */,
			);
			runOnlyForDeploymentPostprocessing = 0;
		};
/* End PBXSourcesBuildPhase section */

/* Begin PBXVariantGroup section */
		7BC25FA51EF1B7D1002ECBBA /* Main.storyboard */ = {
			isa = PBXVariantGroup;
			children = (
				7BC25FA61EF1B7D1002ECBBA /* Base */,
			);
			name = Main.storyboard;
			sourceTree = "<group>";
		};
/* End PBXVariantGroup section */

/* Begin XCBuildConfiguration section */
		7BC25FAE1EF1B7D1002ECBBA /* Debug */ = {
			isa = XCBuildConfiguration;
			buildSettings = {
				ALWAYS_SEARCH_USER_PATHS = NO;
				CLANG_ANALYZER_NONNULL = YES;
				CLANG_ANALYZER_NUMBER_OBJECT_CONVERSION = YES_AGGRESSIVE;
				CLANG_CXX_LANGUAGE_STANDARD = "gnu++14";
				CLANG_CXX_LIBRARY = "libc++";
				CLANG_ENABLE_MODULES = YES;
				CLANG_ENABLE_OBJC_ARC = YES;
				CLANG_WARN_BLOCK_CAPTURE_AUTORELEASING = YES;
				CLANG_WARN_BOOL_CONVERSION = YES;
				CLANG_WARN_COMMA = YES;
				CLANG_WARN_CONSTANT_CONVERSION = YES;
				CLANG_WARN_DEPRECATED_OBJC_IMPLEMENTATIONS = YES;
				CLANG_WARN_DIRECT_OBJC_ISA_USAGE = YES_ERROR;
				CLANG_WARN_DOCUMENTATION_COMMENTS = YES;
				CLANG_WARN_EMPTY_BODY = YES;
				CLANG_WARN_ENUM_CONVERSION = YES;
				CLANG_WARN_INFINITE_RECURSION = YES;
				CLANG_WARN_INT_CONVERSION = YES;
				CLANG_WARN_NON_LITERAL_NULL_CONVERSION = YES;
				CLANG_WARN_OBJC_IMPLICIT_RETAIN_SELF = YES;
				CLANG_WARN_OBJC_LITERAL_CONVERSION = YES;
				CLANG_WARN_OBJC_ROOT_CLASS = YES_ERROR;
				CLANG_WARN_RANGE_LOOP_ANALYSIS = YES;
				CLANG_WARN_STRICT_PROTOTYPES = YES;
				CLANG_WARN_SUSPICIOUS_MOVE = YES;
				CLANG_WARN_UNGUARDED_AVAILABILITY = YES_AGGRESSIVE;
				CLANG_WARN_UNREACHABLE_CODE = YES;
				CLANG_WARN__DUPLICATE_METHOD_MATCH = YES;
				CODE_SIGN_IDENTITY = "iPhone Developer";
				COPY_PHASE_STRIP = NO;
				DEBUG_INFORMATION_FORMAT = dwarf;
				ENABLE_STRICT_OBJC_MSGSEND = YES;
				ENABLE_TESTABILITY = YES;
				GCC_C_LANGUAGE_STANDARD = gnu11;
				GCC_DYNAMIC_NO_PIC = NO;
				GCC_NO_COMMON_BLOCKS = YES;
				GCC_OPTIMIZATION_LEVEL = 0;
				GCC_PREPROCESSOR_DEFINITIONS = (
					"DEBUG=1",
					"$(inherited)",
				);
				GCC_WARN_64_TO_32_BIT_CONVERSION = YES;
				GCC_WARN_ABOUT_RETURN_TYPE = YES_ERROR;
				GCC_WARN_UNDECLARED_SELECTOR = YES;
				GCC_WARN_UNINITIALIZED_AUTOS = YES_AGGRESSIVE;
				GCC_WARN_UNUSED_FUNCTION = YES;
				GCC_WARN_UNUSED_VARIABLE = YES;
				IPHONEOS_DEPLOYMENT_TARGET = 11.0;
				MTL_ENABLE_DEBUG_INFO = YES;
				ONLY_ACTIVE_ARCH = YES;
				SDKROOT = iphoneos;
				SWIFT_ACTIVE_COMPILATION_CONDITIONS = DEBUG;
				SWIFT_OPTIMIZATION_LEVEL = "-Onone";
			};
			name = Debug;
		};
		7BC25FAF1EF1B7D1002ECBBA /* Release */ = {
			isa = XCBuildConfiguration;
			buildSettings = {
				ALWAYS_SEARCH_USER_PATHS = NO;
				CLANG_ANALYZER_NONNULL = YES;
				CLANG_ANALYZER_NUMBER_OBJECT_CONVERSION = YES_AGGRESSIVE;
				CLANG_CXX_LANGUAGE_STANDARD = "gnu++14";
				CLANG_CXX_LIBRARY = "libc++";
				CLANG_ENABLE_MODULES = YES;
				CLANG_ENABLE_OBJC_ARC = YES;
				CLANG_WARN_BLOCK_CAPTURE_AUTORELEASING = YES;
				CLANG_WARN_BOOL_CONVERSION = YES;
				CLANG_WARN_COMMA = YES;
				CLANG_WARN_CONSTANT_CONVERSION = YES;
				CLANG_WARN_DEPRECATED_OBJC_IMPLEMENTATIONS = YES;
				CLANG_WARN_DIRECT_OBJC_ISA_USAGE = YES_ERROR;
				CLANG_WARN_DOCUMENTATION_COMMENTS = YES;
				CLANG_WARN_EMPTY_BODY = YES;
				CLANG_WARN_ENUM_CONVERSION = YES;
				CLANG_WARN_INFINITE_RECURSION = YES;
				CLANG_WARN_INT_CONVERSION = YES;
				CLANG_WARN_NON_LITERAL_NULL_CONVERSION = YES;
				CLANG_WARN_OBJC_IMPLICIT_RETAIN_SELF = YES;
				CLANG_WARN_OBJC_LITERAL_CONVERSION = YES;
				CLANG_WARN_OBJC_ROOT_CLASS = YES_ERROR;
				CLANG_WARN_RANGE_LOOP_ANALYSIS = YES;
				CLANG_WARN_STRICT_PROTOTYPES = YES;
				CLANG_WARN_SUSPICIOUS_MOVE = YES;
				CLANG_WARN_UNGUARDED_AVAILABILITY = YES_AGGRESSIVE;
				CLANG_WARN_UNREACHABLE_CODE = YES;
				CLANG_WARN__DUPLICATE_METHOD_MATCH = YES;
				CODE_SIGN_IDENTITY = "iPhone Developer";
				COPY_PHASE_STRIP = NO;
				DEBUG_INFORMATION_FORMAT = "dwarf-with-dsym";
				ENABLE_NS_ASSERTIONS = NO;
				ENABLE_STRICT_OBJC_MSGSEND = YES;
				GCC_C_LANGUAGE_STANDARD = gnu11;
				GCC_NO_COMMON_BLOCKS = YES;
				GCC_WARN_64_TO_32_BIT_CONVERSION = YES;
				GCC_WARN_ABOUT_RETURN_TYPE = YES_ERROR;
				GCC_WARN_UNDECLARED_SELECTOR = YES;
				GCC_WARN_UNINITIALIZED_AUTOS = YES_AGGRESSIVE;
				GCC_WARN_UNUSED_FUNCTION = YES;
				GCC_WARN_UNUSED_VARIABLE = YES;
				IPHONEOS_DEPLOYMENT_TARGET = 11.0;
				MTL_ENABLE_DEBUG_INFO = NO;
				SDKROOT = iphoneos;
				SWIFT_OPTIMIZATION_LEVEL = "-Owholemodule";
				VALIDATE_PRODUCT = YES;
			};
			name = Release;
		};
		7BC25FB11EF1B7D1002ECBBA /* Debug */ = {
			isa = XCBuildConfiguration;
			buildSettings = {
				ASSETCATALOG_COMPILER_APPICON_NAME = AppIcon;
				CODE_SIGN_IDENTITY = "iPhone Developer: 1067837450@qq.com (EA34W5QFTF)";
				"CODE_SIGN_IDENTITY[sdk=iphoneos*]" = "iPhone Developer";
				CODE_SIGN_STYLE = Automatic;
				DEVELOPMENT_TEAM = DY5CLPAQHF;
				GCC_OPTIMIZATION_LEVEL = s;
				INFOPLIST_FILE = "YOLOv3-CoreML/Info.plist";
				IPHONEOS_DEPLOYMENT_TARGET = 11.2;
				LD_RUNPATH_SEARCH_PATHS = "$(inherited) @executable_path/Frameworks";
				PRODUCT_BUNDLE_IDENTIFIER = Dodanto;
				PRODUCT_NAME = "YOLOv3-CoreML";
				PROVISIONING_PROFILE_SPECIFIER = "";
				SWIFT_OPTIMIZATION_LEVEL = "-Owholemodule";
				SWIFT_VERSION = 4.0;
				TARGETED_DEVICE_FAMILY = "1,2";
			};
			name = Debug;
		};
		7BC25FB21EF1B7D1002ECBBA /* Release */ = {
			isa = XCBuildConfiguration;
			buildSettings = {
				ASSETCATALOG_COMPILER_APPICON_NAME = AppIcon;
				CODE_SIGN_IDENTITY = "iPhone Developer: 1067837450@qq.com (EA34W5QFTF)";
				"CODE_SIGN_IDENTITY[sdk=iphoneos*]" = "iPhone Developer";
				CODE_SIGN_STYLE = Automatic;
				DEVELOPMENT_TEAM = DY5CLPAQHF;
				INFOPLIST_FILE = "YOLOv3-CoreML/Info.plist";
				IPHONEOS_DEPLOYMENT_TARGET = 11.2;
				LD_RUNPATH_SEARCH_PATHS = "$(inherited) @executable_path/Frameworks";
				PRODUCT_BUNDLE_IDENTIFIER = Dodanto;
				PRODUCT_NAME = "YOLOv3-CoreML";
				PROVISIONING_PROFILE_SPECIFIER = "";
				SWIFT_VERSION = 4.0;
				TARGETED_DEVICE_FAMILY = "1,2";
			};
			name = Release;
		};
/* End XCBuildConfiguration section */

/* Begin XCConfigurationList section */
		7BC25F991EF1B7D1002ECBBA /* Build configuration list for PBXProject "YOLOv3-CoreML" */ = {
			isa = XCConfigurationList;
			buildConfigurations = (
				7BC25FAE1EF1B7D1002ECBBA /* Debug */,
				7BC25FAF1EF1B7D1002ECBBA /* Release */,
			);
			defaultConfigurationIsVisible = 0;
			defaultConfigurationName = Release;
		};
		7BC25FB01EF1B7D1002ECBBA /* Build configuration list for PBXNativeTarget "YOLOv3-CoreML" */ = {
			isa = XCConfigurationList;
			buildConfigurations = (
				7BC25FB11EF1B7D1002ECBBA /* Debug */,
				7BC25FB21EF1B7D1002ECBBA /* Release */,
			);
			defaultConfigurationIsVisible = 0;
			defaultConfigurationName = Release;
		};
/* End XCConfigurationList section */
	};
	rootObject = 7BC25F961EF1B7D1002ECBBA /* Project object */;
}
